{
  "name": "save-data-helper",
  "version": "1.0.1",
  "lockfileVersion": 1,
  "dependencies": {
    "json-2-csv": {
      "version": "3.10.2",
      "resolved": "https://registry.npmjs.org/json-2-csv/-/json-2-csv-3.10.2.tgz",
      "integrity": "sha512-ebRs6nAM2OcDw9g9hZ3F0DKkUTTy9DnyduF3mWLF0XEImv/Du3GGgyOWBpoqWuZjCWstQvPOKl50Ts/GhfSZOA==",
      "requires": {
        "deeks": "2.3.0",
        "doc-path": "2.3.0"
      }
  }
}
}
